
Microsoft Visual Studio Solution File, Format Version 12.00
# Visual Studio Version 17
VisualStudioVersion = 17.12.35527.113
MinimumVisualStudioVersion = 10.0.40219.1
Project("{FAE04EC0-301F-11D3-BF4B-00C04F79EFBC}") = "nepessegCLI", "nepessegCLI\nepessegCLI.csproj", "{B1565C55-6772-446A-B09E-7D0D306FC8C5}"
EndProject
Project("{2150E333-8FDC-42A3-9474-1A3956D46DE8}") = "src", "src", "{8102C99A-6846-44CE-92BE-8856EE50BF3A}"
	ProjectSection(SolutionItems) = preProject
		src\adatok-1250.txt = src\adatok-1250.txt
		src\adatok-utf8.txt = src\adatok-utf8.txt
		src\csharp.txt = src\csharp.txt
		src\java.txt = src\java.txt
		src\NEPESSEG.pdf = src\NEPESSEG.pdf
	EndProjectSection
EndProject
Project("{FAE04EC0-301F-11D3-BF4B-00C04F79EFBC}") = "nepessegGUI", "nepessegGUI\nepessegGUI.csproj", "{3DB0A314-9E1D-4029-BFEA-C772974BEBA2}"
EndProject
Global
	GlobalSection(SolutionConfigurationPlatforms) = preSolution
		Debug|Any CPU = Debug|Any CPU
		Release|Any CPU = Release|Any CPU
	EndGlobalSection
	GlobalSection(ProjectConfigurationPlatforms) = postSolution
		{B1565C55-6772-446A-B09E-7D0D306FC8C5}.Debug|Any CPU.ActiveCfg = Debug|Any CPU
		{B1565C55-6772-446A-B09E-7D0D306FC8C5}.Debug|Any CPU.Build.0 = Debug|Any CPU
		{B1565C55-6772-446A-B09E-7D0D306FC8C5}.Release|Any CPU.ActiveCfg = Release|Any CPU
		{B1565C55-6772-446A-B09E-7D0D306FC8C5}.Release|Any CPU.Build.0 = Release|Any CPU
		{3DB0A314-9E1D-4029-BFEA-C772974BEBA2}.Debug|Any CPU.ActiveCfg = Debug|Any CPU
		{3DB0A314-9E1D-4029-BFEA-C772974BEBA2}.Debug|Any CPU.Build.0 = Debug|Any CPU
		{3DB0A314-9E1D-4029-BFEA-C772974BEBA2}.Release|Any CPU.ActiveCfg = Release|Any CPU
		{3DB0A314-9E1D-4029-BFEA-C772974BEBA2}.Release|Any CPU.Build.0 = Release|Any CPU
	EndGlobalSection
	GlobalSection(SolutionProperties) = preSolution
		HideSolutionNode = FALSE
	EndGlobalSection
EndGlobal
